
Microsoft Visual Studio Solution File, Format Version 12.00
# Visual Studio Version 16
VisualStudioVersion = 25.0.1703.0
MinimumVisualStudioVersion = 10.0.40219.1
Project("{FAE04EC0-301F-11D3-BF4B-00C04F79EFBC}") = "app-github", "app-github\app-github.csproj", "{B2A09DD9-78BF-4026-A03A-7D26CCFFCDE5}"
EndProject
Global
	GlobalSection(SolutionConfigurationPlatforms) = preSolution
		Debug|Any CPU = Debug|Any CPU
		Release|Any CPU = Release|Any CPU
	EndGlobalSection
	GlobalSection(ProjectConfigurationPlatforms) = postSolution
		{B2A09DD9-78BF-4026-A03A-7D26CCFFCDE5}.Debug|Any CPU.ActiveCfg = Debug|Any CPU
		{B2A09DD9-78BF-4026-A03A-7D26CCFFCDE5}.Debug|Any CPU.Build.0 = Debug|Any CPU
		{B2A09DD9-78BF-4026-A03A-7D26CCFFCDE5}.Release|Any CPU.ActiveCfg = Release|Any CPU
		{B2A09DD9-78BF-4026-A03A-7D26CCFFCDE5}.Release|Any CPU.Build.0 = Release|Any CPU
	EndGlobalSection
	GlobalSection(SolutionProperties) = preSolution
		HideSolutionNode = FALSE
	EndGlobalSection
	GlobalSection(ExtensibilityGlobals) = postSolution
		SolutionGuid = {3B13F6E5-7A59-4D20-B65F-9CE5BEA0FA37}
	EndGlobalSection
EndGlobal
